
Microsoft Visual Studio Solution File, Format Version 12.00
# Visual Studio Version 16
VisualStudioVersion = 16.0.30320.27
MinimumVisualStudioVersion = 10.0.40219.1
Project("{9A19103F-16F7-4668-BE54-9A1E7A4F7556}") = "LearningPlan.DomainModel", "LearningPlan.DomainModel\LearningPlan.DomainModel.csproj", "{985EEA83-29A1-428B-9DAF-91A3227314EF}"
EndProject
Project("{9A19103F-16F7-4668-BE54-9A1E7A4F7556}") = "LearningPlan.DataAccess", "LearningPlan.DataAccess\LearningPlan.DataAccess.csproj", "{A1E74B24-E867-4BAB-ADE4-66899A250620}"
EndProject
Project("{9A19103F-16F7-4668-BE54-9A1E7A4F7556}") = "LearningPlan.DataAccess.Implementation", "LearningPlan.DataAccess.Implementation\LearningPlan.DataAccess.Implementation.csproj", "{7E8D442B-3C62-4611-86D8-F16F08DA63CD}"
EndProject
Project("{9A19103F-16F7-4668-BE54-9A1E7A4F7556}") = "LearningPlan.WebApi", "LearningPlan.WebApi\LearningPlan.WebApi.csproj", "{6E384F41-EDA2-4B28-AE7D-DD3CF460BB1B}"
EndProject
Project("{9A19103F-16F7-4668-BE54-9A1E7A4F7556}") = "LearningPlan.Services", "LearningPlan.Services\LearningPlan.Services.csproj", "{F87D26DB-72CA-482C-BE8A-D8156D319B18}"
EndProject
Project("{9A19103F-16F7-4668-BE54-9A1E7A4F7556}") = "LearningPlan.Services.Implementation", "LearningPlan.Services.Implementation\LearningPlan.Services.Implementation.csproj", "{317B30F5-1EAF-4ED5-844C-471DEA7AF1D8}"
EndProject
Project("{9092AA53-FB77-4645-B42D-1CCCA6BD08BD}") = "LearningPlan.Web", "LearningPlan.Web\LearningPlan.Web.njsproj", "{1BDE43A9-46D5-4ECA-9EBE-146FA0AA2609}"
EndProject
Project("{9A19103F-16F7-4668-BE54-9A1E7A4F7556}") = "LearningPlan.TelegramBot", "LearningPlan.TelegramBot\LearningPlan.TelegramBot.csproj", "{EAC989E3-D240-4241-A9AA-CB04768A3908}"
EndProject
Project("{9A19103F-16F7-4668-BE54-9A1E7A4F7556}") = "LearningPlan.TelegramBot.BackgroundService", "LearningPlan.TelegramBot.BackgroundService\LearningPlan.TelegramBot.BackgroundService.csproj", "{0C78BBDD-A2B4-41C6-8B5E-ACC062110F82}"
EndProject
Project("{2150E333-8FDC-42A3-9474-1A3956D46DE8}") = "Solution Items", "Solution Items", "{4226EF56-EDFD-46AD-83B2-054AAAA2F623}"
	ProjectSection(SolutionItems) = preProject
		.editorconfig = .editorconfig
	EndProjectSection
EndProject
Global
	GlobalSection(SolutionConfigurationPlatforms) = preSolution
		Debug|Any CPU = Debug|Any CPU
		Release|Any CPU = Release|Any CPU
	EndGlobalSection
	GlobalSection(ProjectConfigurationPlatforms) = postSolution
		{985EEA83-29A1-428B-9DAF-91A3227314EF}.Debug|Any CPU.ActiveCfg = Debug|Any CPU
		{985EEA83-29A1-428B-9DAF-91A3227314EF}.Debug|Any CPU.Build.0 = Debug|Any CPU
		{985EEA83-29A1-428B-9DAF-91A3227314EF}.Release|Any CPU.ActiveCfg = Release|Any CPU
		{985EEA83-29A1-428B-9DAF-91A3227314EF}.Release|Any CPU.Build.0 = Release|Any CPU
		{A1E74B24-E867-4BAB-ADE4-66899A250620}.Debug|Any CPU.ActiveCfg = Debug|Any CPU
		{A1E74B24-E867-4BAB-ADE4-66899A250620}.Debug|Any CPU.Build.0 = Debug|Any CPU
		{A1E74B24-E867-4BAB-ADE4-66899A250620}.Release|Any CPU.ActiveCfg = Release|Any CPU
		{A1E74B24-E867-4BAB-ADE4-66899A250620}.Release|Any CPU.Build.0 = Release|Any CPU
		{7E8D442B-3C62-4611-86D8-F16F08DA63CD}.Debug|Any CPU.ActiveCfg = Debug|Any CPU
		{7E8D442B-3C62-4611-86D8-F16F08DA63CD}.Debug|Any CPU.Build.0 = Debug|Any CPU
		{7E8D442B-3C62-4611-86D8-F16F08DA63CD}.Release|Any CPU.ActiveCfg = Release|Any CPU
		{7E8D442B-3C62-4611-86D8-F16F08DA63CD}.Release|Any CPU.Build.0 = Release|Any CPU
		{6E384F41-EDA2-4B28-AE7D-DD3CF460BB1B}.Debug|Any CPU.ActiveCfg = Debug|Any CPU
		{6E384F41-EDA2-4B28-AE7D-DD3CF460BB1B}.Debug|Any CPU.Build.0 = Debug|Any CPU
		{6E384F41-EDA2-4B28-AE7D-DD3CF460BB1B}.Release|Any CPU.ActiveCfg = Release|Any CPU
		{6E384F41-EDA2-4B28-AE7D-DD3CF460BB1B}.Release|Any CPU.Build.0 = Release|Any CPU
		{F87D26DB-72CA-482C-BE8A-D8156D319B18}.Debug|Any CPU.ActiveCfg = Debug|Any CPU
		{F87D26DB-72CA-482C-BE8A-D8156D319B18}.Debug|Any CPU.Build.0 = Debug|Any CPU
		{F87D26DB-72CA-482C-BE8A-D8156D319B18}.Release|Any CPU.ActiveCfg = Release|Any CPU
		{F87D26DB-72CA-482C-BE8A-D8156D319B18}.Release|Any CPU.Build.0 = Release|Any CPU
		{317B30F5-1EAF-4ED5-844C-471DEA7AF1D8}.Debug|Any CPU.ActiveCfg = Debug|Any CPU
		{317B30F5-1EAF-4ED5-844C-471DEA7AF1D8}.Debug|Any CPU.Build.0 = Debug|Any CPU
		{317B30F5-1EAF-4ED5-844C-471DEA7AF1D8}.Release|Any CPU.ActiveCfg = Release|Any CPU
		{317B30F5-1EAF-4ED5-844C-471DEA7AF1D8}.Release|Any CPU.Build.0 = Release|Any CPU
		{1BDE43A9-46D5-4ECA-9EBE-146FA0AA2609}.Debug|Any CPU.ActiveCfg = Debug|Any CPU
		{1BDE43A9-46D5-4ECA-9EBE-146FA0AA2609}.Debug|Any CPU.Build.0 = Debug|Any CPU
		{1BDE43A9-46D5-4ECA-9EBE-146FA0AA2609}.Release|Any CPU.ActiveCfg = Release|Any CPU
		{1BDE43A9-46D5-4ECA-9EBE-146FA0AA2609}.Release|Any CPU.Build.0 = Release|Any CPU
		{EAC989E3-D240-4241-A9AA-CB04768A3908}.Debug|Any CPU.ActiveCfg = Debug|Any CPU
		{EAC989E3-D240-4241-A9AA-CB04768A3908}.Debug|Any CPU.Build.0 = Debug|Any CPU
		{EAC989E3-D240-4241-A9AA-CB04768A3908}.Release|Any CPU.ActiveCfg = Release|Any CPU
		{EAC989E3-D240-4241-A9AA-CB04768A3908}.Release|Any CPU.Build.0 = Release|Any CPU
		{0C78BBDD-A2B4-41C6-8B5E-ACC062110F82}.Debug|Any CPU.ActiveCfg = Debug|Any CPU
		{0C78BBDD-A2B4-41C6-8B5E-ACC062110F82}.Debug|Any CPU.Build.0 = Debug|Any CPU
		{0C78BBDD-A2B4-41C6-8B5E-ACC062110F82}.Release|Any CPU.ActiveCfg = Release|Any CPU
		{0C78BBDD-A2B4-41C6-8B5E-ACC062110F82}.Release|Any CPU.Build.0 = Release|Any CPU
	EndGlobalSection
	GlobalSection(SolutionProperties) = preSolution
		HideSolutionNode = FALSE
	EndGlobalSection
	GlobalSection(ExtensibilityGlobals) = postSolution
		SolutionGuid = {88836F4C-4656-4E80-A205-A55957049719}
	EndGlobalSection
EndGlobal
